schema: '2.0'
stages:
  data_ingestion:
    cmd: python src/data/data_ingestion.py
    deps:
    - path: src/data/data_ingestion.py
      hash: md5
      md5: b06fd3b998581373c93050d7ddc49cde
      size: 4208
    params:
      params.yaml:
        data_ingestion.test_size: 0.25
    outs:
    - path: data/raw
      hash: md5
      md5: 661f9e98e322fdbd4e565be133b8a748.dir
      size: 6882906
      nfiles: 2
  data_preprocessing:
    cmd: python src/data/data_preprocessing.py
    deps:
    - path: data/raw/test.csv
      hash: md5
      md5: 7bcce30bf2a1cb8266436615cd99626e
      size: 1671731
    - path: data/raw/train.csv
      hash: md5
      md5: 9b68c84a82a9223b7605d7b5b5393ca4
      size: 5211175
    - path: src/data/data_preprocessing.py
      hash: md5
      md5: 0caf3d4322a07e68476124fa3cd75e24
      size: 3747
    outs:
    - path: data/interim
      hash: md5
      md5: 3b131d597cf99cc074eab4638ea26eb4.dir
      size: 5098055
      nfiles: 2
  model_building:
    cmd: python src/model/model_building.py
    deps:
    - path: data/interim/train_processed.csv
      hash: md5
      md5: 93048fefdfb15643899972fbc0631795
      size: 3858687
    - path: src/model/model_building.py
      hash: md5
      md5: 9a4cc00245a10b734ccedce855755f8c
      size: 5504
    params:
      params.yaml:
        model_building.learning_rate: 0.09
        model_building.max_depth: 20
        model_building.max_features: 10000
        model_building.n_estimators: 367
        model_building.ngram_range:
        - 1
        - 3
    outs:
    - path: lgbm_model.pkl
      hash: md5
      md5: 6b59b1265c73e9d42751955a2d86f2b0
      size: 4113137
    - path: tfidf_vectorizer.pkl
      hash: md5
      md5: d9482f37ee2e248870ce5f3ea7f12a46
      size: 384000
  model_evaluation:
    cmd: python src/model/model_evaluation.py
    deps:
    - path: data/interim/test_processed.csv
      hash: md5
      md5: d2471212889c93634224a9038ca3a203
      size: 1239368
    - path: data/interim/train_processed.csv
      hash: md5
      md5: 93048fefdfb15643899972fbc0631795
      size: 3858687
    - path: lgbm_model.pkl
      hash: md5
      md5: 6b59b1265c73e9d42751955a2d86f2b0
      size: 4113137
    - path: src/model/model_evaluation.py
      hash: md5
      md5: 3dca80f1a3fc5d3f8223b8af62bbb6d5
      size: 8089
    - path: tfidf_vectorizer.pkl
      hash: md5
      md5: d9482f37ee2e248870ce5f3ea7f12a46
      size: 384000
    outs:
    - path: experiment_info.json
      hash: md5
      md5: 11bd03ae65e1f25599f09af961215fe8
      size: 84
  model_registration:
    cmd: python src/model/register_model.py
    deps:
    - path: experiment_info.json
      hash: md5
      md5: 11bd03ae65e1f25599f09af961215fe8
      size: 84
    - path: src/model/register_model.py
      hash: md5
      md5: 6e3dd05c202b7ed782632d09a87ab52e
      size: 3322
