schema: '2.0'
stages:
  data_ingestion:
    cmd: python src/data/data_ingestion.py
    deps:
    - path: src/data/data_ingestion.py
      hash: md5
      md5: b06fd3b998581373c93050d7ddc49cde
      size: 4208
    params:
      params.yaml:
        data_ingestion.test_size: 0.21
    outs:
    - path: data/raw
      hash: md5
      md5: 6d95ca02b07d15c73f39182f709a2766.dir
      size: 6882906
      nfiles: 2
  data_preprocessing:
    cmd: python src/data/data_preprocessing.py
    deps:
    - path: data/raw/test.csv
      hash: md5
      md5: cbda527b712a5a62cbb0417d1cfe85b5
      size: 1397181
    - path: data/raw/train.csv
      hash: md5
      md5: 7f2ff3a833bf91d121c068f83a1b2085
      size: 5485725
    - path: src/data/data_preprocessing.py
      hash: md5
      md5: 0caf3d4322a07e68476124fa3cd75e24
      size: 3747
    outs:
    - path: data/interim
      hash: md5
      md5: df34ec456e7b45ab04e5ee4807970c10.dir
      size: 5098055
      nfiles: 2
  model_building:
    cmd: python src/model/model_building.py
    deps:
    - path: data/interim/train_processed.csv
      hash: md5
      md5: 1103c6c0535936e29857696fdb1a3edc
      size: 4062843
    - path: src/model/model_building.py
      hash: md5
      md5: 9a4cc00245a10b734ccedce855755f8c
      size: 5504
    params:
      params.yaml:
        model_building.learning_rate: 0.091
        model_building.max_depth: 20
        model_building.max_features: 10000
        model_building.n_estimators: 367
        model_building.ngram_range:
        - 1
        - 3
    outs:
    - path: lgbm_model.pkl
      hash: md5
      md5: 05e9e3e9a5796dc4f3cc0988005f1820
      size: 4123622
    - path: tfidf_vectorizer.pkl
      hash: md5
      md5: 96cd095f30174aef72a71baffd25840f
      size: 384193
  model_evaluation:
    cmd: python src/model/model_evaluation.py
    deps:
    - path: data/interim/test_processed.csv
      hash: md5
      md5: 7ab8f87089994607df63c02c3e8fdbe6
      size: 1035212
    - path: data/interim/train_processed.csv
      hash: md5
      md5: 1103c6c0535936e29857696fdb1a3edc
      size: 4062843
    - path: lgbm_model.pkl
      hash: md5
      md5: 05e9e3e9a5796dc4f3cc0988005f1820
      size: 4123622
    - path: src/model/model_evaluation.py
      hash: md5
      md5: 7346994d26278ecb8297423e3f7f4581
      size: 7181
    - path: tfidf_vectorizer.pkl
      hash: md5
      md5: 96cd095f30174aef72a71baffd25840f
      size: 384193
    outs:
    - path: experiment_info.json
      hash: md5
      md5: 9abb35e1fb5c232d5f31fd21f2288a36
      size: 84
  model_registration:
    cmd: python src/model/register_model.py
    deps:
    - path: experiment_info.json
      hash: md5
      md5: 9abb35e1fb5c232d5f31fd21f2288a36
      size: 84
    - path: src/model/register_model.py
      hash: md5
      md5: 86e99f0cdc3615b1ef32fb48d4b2a6ce
      size: 2450
