schema: '2.0'
stages:
  data_ingestion:
    cmd: python src/data/data_ingestion.py
    deps:
    - path: src/data/data_ingestion.py
      hash: md5
      md5: b06fd3b998581373c93050d7ddc49cde
      size: 4208
    params:
      params.yaml:
        data_ingestion.test_size: 0.2
    outs:
    - path: data/raw
      hash: md5
      md5: b855e2bab4e21078d44844fee5be9da3.dir
      size: 6882906
      nfiles: 2
  data_preprocessing:
    cmd: python src/data/data_preprocessing.py
    deps:
    - path: data/raw/test.csv
      hash: md5
      md5: 295b88d81555e67a857db0337244e118
      size: 1341252
    - path: data/raw/train.csv
      hash: md5
      md5: 70faef66e6135c49f7f02db4a55e9fdd
      size: 5541654
    - path: src/data/data_preprocessing.py
      hash: md5
      md5: 0caf3d4322a07e68476124fa3cd75e24
      size: 3747
    outs:
    - path: data/interim
      hash: md5
      md5: a2bbccdc23dd271231099f8d5c99ff87.dir
      size: 5098055
      nfiles: 2
  model_building:
    cmd: python src/model/model_building.py
    deps:
    - path: data/interim/train_processed.csv
      hash: md5
      md5: 86284f4698366b0f2ee05c211c0e9453
      size: 4104889
    - path: src/model/model_building.py
      hash: md5
      md5: 9a4cc00245a10b734ccedce855755f8c
      size: 5504
    params:
      params.yaml:
        model_building.learning_rate: 0.091
        model_building.max_depth: 20
        model_building.max_features: 10000
        model_building.n_estimators: 367
        model_building.ngram_range:
        - 1
        - 3
    outs:
    - path: lgbm_model.pkl
      hash: md5
      md5: d7493ade4efa4ec0c47c1bacf7416c34
      size: 4122097
    - path: tfidf_vectorizer.pkl
      hash: md5
      md5: 526f55c231fcbb638e3795a2e52c6e18
      size: 384115
  model_evaluation:
    cmd: python src/model/model_evaluation.py
    deps:
    - path: data/interim/test_processed.csv
      hash: md5
      md5: 5b260b8114240fb9c541c0d07b150b14
      size: 993166
    - path: data/interim/train_processed.csv
      hash: md5
      md5: 86284f4698366b0f2ee05c211c0e9453
      size: 4104889
    - path: lgbm_model.pkl
      hash: md5
      md5: d7493ade4efa4ec0c47c1bacf7416c34
      size: 4122097
    - path: src/model/model_evaluation.py
      hash: md5
      md5: e167fb199cfd1f31e17e72bfa59115e5
      size: 8088
    - path: tfidf_vectorizer.pkl
      hash: md5
      md5: 526f55c231fcbb638e3795a2e52c6e18
      size: 384115
    outs:
    - path: experiment_info.json
      hash: md5
      md5: e6c5cb81379d2dcb14ce6d90939c0532
      size: 84
  model_registration:
    cmd: python src/model/register_model.py
    deps:
    - path: experiment_info.json
      hash: md5
      md5: e6c5cb81379d2dcb14ce6d90939c0532
      size: 84
    - path: src/model/register_model.py
      hash: md5
      md5: 6e3dd05c202b7ed782632d09a87ab52e
      size: 3322
